<Solution>
  <Folder Name="/src/">
    <Project Path="src/PolvorApp.Api/PolvorApp.Api.csproj" />
    <Project Path="src/PolvorApp.SharedKernel/PolvorApp.SharedKernel.csproj" />
  </Folder>
  <Folder Name="/src/Modules/" />
  <Folder Name="/src/Modules/IdentityAccess/">
    <Project Path="src/Modules/IdentityAccess/PolvorApp.IdentityAccess.Contracts/PolvorApp.IdentityAccess.Contracts.csproj" />
    <Project Path="src/Modules/IdentityAccess/PolvorApp.IdentityAccess/PolvorApp.IdentityAccess.csproj" />
  </Folder>
  <Folder Name="/src/Modules/ArquebusierRegistry/">
    <Project Path="src/Modules/ArquebusierRegistry/PolvorApp.ArquebusierRegistry.Contracts/PolvorApp.ArquebusierRegistry.Contracts.csproj" />
    <Project Path="src/Modules/ArquebusierRegistry/PolvorApp.ArquebusierRegistry/PolvorApp.ArquebusierRegistry.csproj" />
  </Folder>
  <Folder Name="/src/Modules/AuditPrivacy/">
    <Project Path="src/Modules/AuditPrivacy/PolvorApp.AuditPrivacy.Contracts/PolvorApp.AuditPrivacy.Contracts.csproj" />
    <Project Path="src/Modules/AuditPrivacy/PolvorApp.AuditPrivacy/PolvorApp.AuditPrivacy.csproj" />
  </Folder>
  <Folder Name="/src/Modules/Billing/">
    <Project Path="src/Modules/Billing/PolvorApp.Billing.Contracts/PolvorApp.Billing.Contracts.csproj" />
    <Project Path="src/Modules/Billing/PolvorApp.Billing/PolvorApp.Billing.csproj" />
  </Folder>
  <Folder Name="/src/Modules/ComparsaOrders/">
    <Project Path="src/Modules/ComparsaOrders/PolvorApp.ComparsaOrders.Contracts/PolvorApp.ComparsaOrders.Contracts.csproj" />
    <Project Path="src/Modules/ComparsaOrders/PolvorApp.ComparsaOrders/PolvorApp.ComparsaOrders.csproj" />
  </Folder>
  <Folder Name="/src/Modules/ComplianceInsights/">
    <Project Path="src/Modules/ComplianceInsights/PolvorApp.ComplianceInsights.Contracts/PolvorApp.ComplianceInsights.Contracts.csproj" />
    <Project Path="src/Modules/ComplianceInsights/PolvorApp.ComplianceInsights/PolvorApp.ComplianceInsights.csproj" />
  </Folder>
  <Folder Name="/src/Modules/FederationCatalog/">
    <Project Path="src/Modules/FederationCatalog/PolvorApp.FederationCatalog.Contracts/PolvorApp.FederationCatalog.Contracts.csproj" />
    <Project Path="src/Modules/FederationCatalog/PolvorApp.FederationCatalog/PolvorApp.FederationCatalog.csproj" />
  </Folder>
  <Folder Name="/src/Modules/FestivalEditions/">
    <Project Path="src/Modules/FestivalEditions/PolvorApp.FestivalEditions.Contracts/PolvorApp.FestivalEditions.Contracts.csproj" />
    <Project Path="src/Modules/FestivalEditions/PolvorApp.FestivalEditions/PolvorApp.FestivalEditions.csproj" />
  </Folder>
  <Folder Name="/tests/">
    <Project Path="tests/PolvorApp.Api.Tests/PolvorApp.Api.Tests.csproj" />
    <Project Path="tests/PolvorApp.ArchitectureTests/PolvorApp.ArchitectureTests.csproj" />
  </Folder>
  <Folder Name="/Solution Items/">
    <File Path="Directory.Build.props" />
    <File Path="Directory.Packages.props" />
    <File Path="global.json" />
  </Folder>
</Solution>
